
Microsoft Visual Studio Solution File, Format Version 12.00
# Visual Studio Version 17
VisualStudioVersion = 17.5.002.0
MinimumVisualStudioVersion = 10.0.40219.1
Project("{9A19103F-16F7-4668-BE54-9A1E7A4F7556}") = "DragonApi", "DragonApi.csproj", "{58F32DA5-9AAB-4A3D-ABB6-C58A2AC4C1E5}"
EndProject
Global
	GlobalSection(SolutionConfigurationPlatforms) = preSolution
		Debug|Any CPU = Debug|Any CPU
		Release|Any CPU = Release|Any CPU
	EndGlobalSection
	GlobalSection(ProjectConfigurationPlatforms) = postSolution
		{58F32DA5-9AAB-4A3D-ABB6-C58A2AC4C1E5}.Debug|Any CPU.ActiveCfg = Debug|Any CPU
		{58F32DA5-9AAB-4A3D-ABB6-C58A2AC4C1E5}.Debug|Any CPU.Build.0 = Debug|Any CPU
		{58F32DA5-9AAB-4A3D-ABB6-C58A2AC4C1E5}.Release|Any CPU.ActiveCfg = Release|Any CPU
		{58F32DA5-9AAB-4A3D-ABB6-C58A2AC4C1E5}.Release|Any CPU.Build.0 = Release|Any CPU
	EndGlobalSection
	GlobalSection(SolutionProperties) = preSolution
		HideSolutionNode = FALSE
	EndGlobalSection
	GlobalSection(ExtensibilityGlobals) = postSolution
		SolutionGuid = {DA677A6C-94A0-4F22-83CC-D261E564EEDB}
	EndGlobalSection
EndGlobal
